# THIS IS AN AUTOGENERATED FILE. DO NOT EDIT THIS FILE DIRECTLY.
# yarn lockfile v1


dotenv@13.0.1:
  version "13.0.1"
  resolved "https://registry.yarnpkg.com/dotenv/-/dotenv-13.0.1.tgz#cf43980abe07accfa5c3ee321fc7ddc551975e96"
  integrity sha512-u3KAkK+VHk01+D7V6SFtSJl2JScX1Yi4anKsKXS4oT8s8LnL5xgJe7XFAZ1bSsOfAmxU54OwOuhaLv3v70oXgw==
