# THIS IS AN AUTOGENERATED FILE. DO NOT EDIT THIS FILE DIRECTLY.
# yarn lockfile v1


dotenv@15.0.1:
  version "15.0.1"
  resolved "https://registry.yarnpkg.com/dotenv/-/dotenv-15.0.1.tgz#bf96a46782923e17a64b5edb35eb50d2292efd65"
  integrity sha512-4OnbwRfzR+xQThp7uq1xpUS9fmgZ//njexOtPjPSbK3yHGrSHSJnaJRsXderSSm2elfvVj+Y5awDC0I8Oy8rkA==
