# THIS IS AN AUTOGENERATED FILE. DO NOT EDIT THIS FILE DIRECTLY.
# yarn lockfile v1


dotenv@12.0.3:
  version "12.0.3"
  resolved "https://registry.yarnpkg.com/dotenv/-/dotenv-12.0.3.tgz#362b83f866dfed8e540deaa5bbcb3c8ab401dcb6"
  integrity sha512-RlOysyzyGiABgDFgITo5fRnMV1QStdoVvkXhnxQc5Or/CiQo52s2Bh6DVMvzZsmFQ9IrNxYHOC/gdpNwHsitnQ==
